
Microsoft Visual Studio Solution File, Format Version 12.00
# Visual Studio 14
VisualStudioVersion = 14.0.23107.0
MinimumVisualStudioVersion = 10.0.40219.1
Project("{2150E333-8FDC-42A3-9474-1A3956D46DE8}") = "1-Presentation", "1-Presentation", "{7B390679-DF41-4632-958C-C8B99D0E0076}"
EndProject
Project("{2150E333-8FDC-42A3-9474-1A3956D46DE8}") = "4-Domain", "4-Domain", "{E02E4DC0-4134-4651-8AC1-8A305AB5E354}"
EndProject
Project("{2150E333-8FDC-42A3-9474-1A3956D46DE8}") = "5-Infra", "5-Infra", "{1BF4D1C9-358A-49B6-AD38-4B71512AC757}"
EndProject
Project("{2150E333-8FDC-42A3-9474-1A3956D46DE8}") = "5.1-Data", "5.1-Data", "{BE9BB010-98BF-4AF2-9EF7-2E30E1073105}"
EndProject
Project("{FAE04EC0-301F-11D3-BF4B-00C04F79EFBC}") = "GRPADS01C1-M2-P1.GustavoFonseca.Presentation.ConsoleApp", "GRPADS01C1-M2-P1.GustavoFonseca.Presentation.ConsoleApp\GRPADS01C1-M2-P1.GustavoFonseca.Presentation.ConsoleApp.csproj", "{8AB88351-364D-4E9E-B0A4-7BBACBBF4678}"
EndProject
Project("{FAE04EC0-301F-11D3-BF4B-00C04F79EFBC}") = "GRPADS01C1-M2-P1.GustavoFonseca.Domain", "GRPADS01C1-M2-P1.GustavoFonseca.Domain\GRPADS01C1-M2-P1.GustavoFonseca.Domain.csproj", "{0A8A816A-7228-4187-AB66-6B1CCD8CBE0D}"
EndProject
Project("{FAE04EC0-301F-11D3-BF4B-00C04F79EFBC}") = "GRPADS01C1-M2-P1.GustavoFonseca.Infra.Data", "GRPADS01C1-M2-P1.GustavoFonseca.Infra.Data\GRPADS01C1-M2-P1.GustavoFonseca.Infra.Data.csproj", "{41D2AA6D-17C0-4A17-9FE4-E94537E8E6E6}"
EndProject
Project("{FAE04EC0-301F-11D3-BF4B-00C04F79EFBC}") = "GRPADS01C1-M2-P1.GustavoFonseca.Presentation.WpfApp", "GRPADS01C1-M2-P1.GustavoFonseca.Presentation.WpfApp\GRPADS01C1-M2-P1.GustavoFonseca.Presentation.WpfApp.csproj", "{B70A3BC9-B38E-46A0-91A7-0F3774C8AF92}"
EndProject
Project("{FAE04EC0-301F-11D3-BF4B-00C04F79EFBC}") = "GRPADS01C1-M2-P1.GustavoFonseca.Infra.Logger", "GRPADS01C1-M2-P1.GustavoFonseca.Infra.Logger\GRPADS01C1-M2-P1.GustavoFonseca.Infra.Logger.csproj", "{9C448894-6DF1-42BC-9FB4-B979963CB6E1}"
EndProject
Project("{FAE04EC0-301F-11D3-BF4B-00C04F79EFBC}") = "GRPADS01C1-M2-P1.GustavoFonseca.Infra.XML", "GRPADS01C1-M2-P1.GustavoFonseca.Infra.XML\GRPADS01C1-M2-P1.GustavoFonseca.Infra.XML.csproj", "{7EA6BDA8-BD0B-4550-AD54-57203F2AE130}"
EndProject
Global
	GlobalSection(SolutionConfigurationPlatforms) = preSolution
		Debug|Any CPU = Debug|Any CPU
		Release|Any CPU = Release|Any CPU
	EndGlobalSection
	GlobalSection(ProjectConfigurationPlatforms) = postSolution
		{8AB88351-364D-4E9E-B0A4-7BBACBBF4678}.Debug|Any CPU.ActiveCfg = Debug|Any CPU
		{8AB88351-364D-4E9E-B0A4-7BBACBBF4678}.Debug|Any CPU.Build.0 = Debug|Any CPU
		{8AB88351-364D-4E9E-B0A4-7BBACBBF4678}.Release|Any CPU.ActiveCfg = Release|Any CPU
		{8AB88351-364D-4E9E-B0A4-7BBACBBF4678}.Release|Any CPU.Build.0 = Release|Any CPU
		{0A8A816A-7228-4187-AB66-6B1CCD8CBE0D}.Debug|Any CPU.ActiveCfg = Debug|Any CPU
		{0A8A816A-7228-4187-AB66-6B1CCD8CBE0D}.Debug|Any CPU.Build.0 = Debug|Any CPU
		{0A8A816A-7228-4187-AB66-6B1CCD8CBE0D}.Release|Any CPU.ActiveCfg = Release|Any CPU
		{0A8A816A-7228-4187-AB66-6B1CCD8CBE0D}.Release|Any CPU.Build.0 = Release|Any CPU
		{41D2AA6D-17C0-4A17-9FE4-E94537E8E6E6}.Debug|Any CPU.ActiveCfg = Debug|Any CPU
		{41D2AA6D-17C0-4A17-9FE4-E94537E8E6E6}.Debug|Any CPU.Build.0 = Debug|Any CPU
		{41D2AA6D-17C0-4A17-9FE4-E94537E8E6E6}.Release|Any CPU.ActiveCfg = Release|Any CPU
		{41D2AA6D-17C0-4A17-9FE4-E94537E8E6E6}.Release|Any CPU.Build.0 = Release|Any CPU
		{B70A3BC9-B38E-46A0-91A7-0F3774C8AF92}.Debug|Any CPU.ActiveCfg = Debug|Any CPU
		{B70A3BC9-B38E-46A0-91A7-0F3774C8AF92}.Debug|Any CPU.Build.0 = Debug|Any CPU
		{B70A3BC9-B38E-46A0-91A7-0F3774C8AF92}.Release|Any CPU.ActiveCfg = Release|Any CPU
		{B70A3BC9-B38E-46A0-91A7-0F3774C8AF92}.Release|Any CPU.Build.0 = Release|Any CPU
		{9C448894-6DF1-42BC-9FB4-B979963CB6E1}.Debug|Any CPU.ActiveCfg = Debug|Any CPU
		{9C448894-6DF1-42BC-9FB4-B979963CB6E1}.Debug|Any CPU.Build.0 = Debug|Any CPU
		{9C448894-6DF1-42BC-9FB4-B979963CB6E1}.Release|Any CPU.ActiveCfg = Release|Any CPU
		{9C448894-6DF1-42BC-9FB4-B979963CB6E1}.Release|Any CPU.Build.0 = Release|Any CPU
		{7EA6BDA8-BD0B-4550-AD54-57203F2AE130}.Debug|Any CPU.ActiveCfg = Debug|Any CPU
		{7EA6BDA8-BD0B-4550-AD54-57203F2AE130}.Debug|Any CPU.Build.0 = Debug|Any CPU
		{7EA6BDA8-BD0B-4550-AD54-57203F2AE130}.Release|Any CPU.ActiveCfg = Release|Any CPU
		{7EA6BDA8-BD0B-4550-AD54-57203F2AE130}.Release|Any CPU.Build.0 = Release|Any CPU
	EndGlobalSection
	GlobalSection(SolutionProperties) = preSolution
		HideSolutionNode = FALSE
	EndGlobalSection
	GlobalSection(NestedProjects) = preSolution
		{BE9BB010-98BF-4AF2-9EF7-2E30E1073105} = {1BF4D1C9-358A-49B6-AD38-4B71512AC757}
		{8AB88351-364D-4E9E-B0A4-7BBACBBF4678} = {7B390679-DF41-4632-958C-C8B99D0E0076}
		{0A8A816A-7228-4187-AB66-6B1CCD8CBE0D} = {E02E4DC0-4134-4651-8AC1-8A305AB5E354}
		{41D2AA6D-17C0-4A17-9FE4-E94537E8E6E6} = {BE9BB010-98BF-4AF2-9EF7-2E30E1073105}
		{B70A3BC9-B38E-46A0-91A7-0F3774C8AF92} = {7B390679-DF41-4632-958C-C8B99D0E0076}
		{9C448894-6DF1-42BC-9FB4-B979963CB6E1} = {BE9BB010-98BF-4AF2-9EF7-2E30E1073105}
		{7EA6BDA8-BD0B-4550-AD54-57203F2AE130} = {BE9BB010-98BF-4AF2-9EF7-2E30E1073105}
	EndGlobalSection
EndGlobal
